
Microsoft Visual Studio Solution File, Format Version 12.00
# Visual Studio Version 17
VisualStudioVersion = 17.9.34723.18
MinimumVisualStudioVersion = 10.0.40219.1
Project("{FAE04EC0-301F-11D3-BF4B-00C04F79EFBC}") = "pricer-checker", "pricer-checker\pricer-checker.csproj", "{D461F629-6A04-41D2-A061-60E7E0D99DE5}"
EndProject
Global
	GlobalSection(SolutionConfigurationPlatforms) = preSolution
		Debug|Any CPU = Debug|Any CPU
		Release|Any CPU = Release|Any CPU
	EndGlobalSection
	GlobalSection(ProjectConfigurationPlatforms) = postSolution
		{D461F629-6A04-41D2-A061-60E7E0D99DE5}.Debug|Any CPU.ActiveCfg = Debug|Any CPU
		{D461F629-6A04-41D2-A061-60E7E0D99DE5}.Debug|Any CPU.Build.0 = Debug|Any CPU
		{D461F629-6A04-41D2-A061-60E7E0D99DE5}.Release|Any CPU.ActiveCfg = Release|Any CPU
		{D461F629-6A04-41D2-A061-60E7E0D99DE5}.Release|Any CPU.Build.0 = Release|Any CPU
	EndGlobalSection
	GlobalSection(SolutionProperties) = preSolution
		HideSolutionNode = FALSE
	EndGlobalSection
	GlobalSection(ExtensibilityGlobals) = postSolution
		SolutionGuid = {87698108-F2CA-4D40-94CC-C0ABCDF3AE36}
	EndGlobalSection
EndGlobal
